
Microsoft Visual Studio Solution File, Format Version 12.00
# Visual Studio 15
VisualStudioVersion = 15.0.26730.3
MinimumVisualStudioVersion = 10.0.40219.1
Project("{9A19103F-16F7-4668-BE54-9A1E7A4F7556}") = "CloudEmotionDetector", "CloudEmotionDetector\CloudEmotionDetector.csproj", "{92D7132C-6611-46FB-89C6-CF20F0B64600}"
EndProject
Global
	GlobalSection(SolutionConfigurationPlatforms) = preSolution
		Debug|Any CPU = Debug|Any CPU
		Release|Any CPU = Release|Any CPU
	EndGlobalSection
	GlobalSection(ProjectConfigurationPlatforms) = postSolution
		{92D7132C-6611-46FB-89C6-CF20F0B64600}.Debug|Any CPU.ActiveCfg = Debug|Any CPU
		{92D7132C-6611-46FB-89C6-CF20F0B64600}.Debug|Any CPU.Build.0 = Debug|Any CPU
		{92D7132C-6611-46FB-89C6-CF20F0B64600}.Release|Any CPU.ActiveCfg = Release|Any CPU
		{92D7132C-6611-46FB-89C6-CF20F0B64600}.Release|Any CPU.Build.0 = Release|Any CPU
	EndGlobalSection
	GlobalSection(SolutionProperties) = preSolution
		HideSolutionNode = FALSE
	EndGlobalSection
	GlobalSection(ExtensibilityGlobals) = postSolution
		SolutionGuid = {3D1E078E-8E59-41C7-A6B6-2A33AEBEA1C7}
	EndGlobalSection
EndGlobal
